
Microsoft Visual Studio Solution File, Format Version 12.00
# Visual Studio 15
VisualStudioVersion = 15.0.27428.1
MinimumVisualStudioVersion = 10.0.40219.1
Project("{FAE04EC0-301F-11D3-BF4B-00C04F79EFBC}") = "C-SharpBasics", "C-SharpBasics\C-SharpBasics.csproj", "{53697591-FAD2-489A-8FB8-0B320F1ABE0C}"
EndProject
Global
	GlobalSection(SolutionConfigurationPlatforms) = preSolution
		Debug|Any CPU = Debug|Any CPU
		Release|Any CPU = Release|Any CPU
	EndGlobalSection
	GlobalSection(ProjectConfigurationPlatforms) = postSolution
		{53697591-FAD2-489A-8FB8-0B320F1ABE0C}.Debug|Any CPU.ActiveCfg = Debug|Any CPU
		{53697591-FAD2-489A-8FB8-0B320F1ABE0C}.Debug|Any CPU.Build.0 = Debug|Any CPU
		{53697591-FAD2-489A-8FB8-0B320F1ABE0C}.Release|Any CPU.ActiveCfg = Release|Any CPU
		{53697591-FAD2-489A-8FB8-0B320F1ABE0C}.Release|Any CPU.Build.0 = Release|Any CPU
	EndGlobalSection
	GlobalSection(SolutionProperties) = preSolution
		HideSolutionNode = FALSE
	EndGlobalSection
	GlobalSection(ExtensibilityGlobals) = postSolution
		SolutionGuid = {9BC21565-061F-44F2-8E55-C352CCF1DDD2}
	EndGlobalSection
EndGlobal
